
Microsoft Visual Studio Solution File, Format Version 12.00
# Visual Studio Version 16
VisualStudioVersion = 16.0.29123.88
MinimumVisualStudioVersion = 10.0.40219.1
Project("{FAE04EC0-301F-11D3-BF4B-00C04F79EFBC}") = "CalculatorPractice", "CalculatorPractice\CalculatorPractice.csproj", "{B61988D0-D61F-4630-81E1-4AEA54645EA4}"
EndProject
Project("{FAE04EC0-301F-11D3-BF4B-00C04F79EFBC}") = "CalculatorTest", "CalculatorTest\CalculatorTest.csproj", "{5609AD47-7975-42E2-B457-50F6212396F8}"
EndProject
Global
	GlobalSection(SolutionConfigurationPlatforms) = preSolution
		Debug|Any CPU = Debug|Any CPU
		Release|Any CPU = Release|Any CPU
	EndGlobalSection
	GlobalSection(ProjectConfigurationPlatforms) = postSolution
		{B61988D0-D61F-4630-81E1-4AEA54645EA4}.Debug|Any CPU.ActiveCfg = Debug|Any CPU
		{B61988D0-D61F-4630-81E1-4AEA54645EA4}.Debug|Any CPU.Build.0 = Debug|Any CPU
		{B61988D0-D61F-4630-81E1-4AEA54645EA4}.Release|Any CPU.ActiveCfg = Release|Any CPU
		{B61988D0-D61F-4630-81E1-4AEA54645EA4}.Release|Any CPU.Build.0 = Release|Any CPU
		{5609AD47-7975-42E2-B457-50F6212396F8}.Debug|Any CPU.ActiveCfg = Debug|Any CPU
		{5609AD47-7975-42E2-B457-50F6212396F8}.Debug|Any CPU.Build.0 = Debug|Any CPU
		{5609AD47-7975-42E2-B457-50F6212396F8}.Release|Any CPU.ActiveCfg = Release|Any CPU
		{5609AD47-7975-42E2-B457-50F6212396F8}.Release|Any CPU.Build.0 = Release|Any CPU
	EndGlobalSection
	GlobalSection(SolutionProperties) = preSolution
		HideSolutionNode = FALSE
	EndGlobalSection
	GlobalSection(ExtensibilityGlobals) = postSolution
		SolutionGuid = {C8CFC702-2EFA-4299-A971-5034DA6F27A2}
	EndGlobalSection
EndGlobal
