
Microsoft Visual Studio Solution File, Format Version 12.00
Project("{FAE04EC0-301F-11D3-BF4B-00C04F79EFBC}") = "ObjectToDynamicParameters", "ObjectToDynamicParameters\ObjectToDynamicParameters.csproj", "{19FD7DBF-D6E5-4C20-AB0E-56FF08B8E619}"
EndProject
Project("{FAE04EC0-301F-11D3-BF4B-00C04F79EFBC}") = "ObjectToDynamicParameters.Test", "ObjectToDynamicParameters.Test\ObjectToDynamicParameters.Test.csproj", "{D9EFBB8C-B8E4-4426-872B-0E06A99CECD2}"
EndProject
Global
	GlobalSection(SolutionConfigurationPlatforms) = preSolution
		Debug|Any CPU = Debug|Any CPU
		Release|Any CPU = Release|Any CPU
	EndGlobalSection
	GlobalSection(ProjectConfigurationPlatforms) = postSolution
		{19FD7DBF-D6E5-4C20-AB0E-56FF08B8E619}.Debug|Any CPU.ActiveCfg = Debug|Any CPU
		{19FD7DBF-D6E5-4C20-AB0E-56FF08B8E619}.Debug|Any CPU.Build.0 = Debug|Any CPU
		{19FD7DBF-D6E5-4C20-AB0E-56FF08B8E619}.Release|Any CPU.ActiveCfg = Release|Any CPU
		{19FD7DBF-D6E5-4C20-AB0E-56FF08B8E619}.Release|Any CPU.Build.0 = Release|Any CPU
		{D9EFBB8C-B8E4-4426-872B-0E06A99CECD2}.Debug|Any CPU.ActiveCfg = Debug|Any CPU
		{D9EFBB8C-B8E4-4426-872B-0E06A99CECD2}.Debug|Any CPU.Build.0 = Debug|Any CPU
		{D9EFBB8C-B8E4-4426-872B-0E06A99CECD2}.Release|Any CPU.ActiveCfg = Release|Any CPU
		{D9EFBB8C-B8E4-4426-872B-0E06A99CECD2}.Release|Any CPU.Build.0 = Release|Any CPU
	EndGlobalSection
EndGlobal
